<Solution>
  <Folder Name="/src/">
    <Project Path="src/Noks.Application/Noks.Application.csproj" />
    <Project Path="src/Noks.Cpu/Noks.Cpu.csproj" />
    <Project Path="src/Noks.Cryptography.Tests/Noks.Cryptography.Tests.csproj" />
    <Project Path="src/Noks.Cryptography/Noks.Cryptography.csproj" />
    <Project Path="src/Noks.Dct3.Tests/Noks.Dct3.Tests.csproj" />
    <Project Path="src/Noks.Dct3/Noks.Dct3.csproj" />
    <Project Path="src/Noks.Waku.Tests/Noks.Waku.Tests.csproj" />
    <Project Path="src/Noks.Waku/Noks.Waku.csproj" />
  </Folder>
  <Folder Name="/src/vendor/">
    <Project Path="src/vendor/BouncyCastle.Vendored/BouncyCastle.Vendored.csproj" />
  </Folder>
</Solution>
